// !$*UTF8*$!
{
	archiveVersion = 1;
	classes = {
	};
	objectVersion = 46;
	objects = {

/* Begin PBXAggregateTarget section */
		ECD385FD21BC9D8D00BF2BCB /* Setup */ = {
			isa = PBXAggregateTarget;
			buildConfigurationList = ECD3860321BC9D8E00BF2BCB /* Build configuration list for PBXAggregateTarget "Setup" */;
			buildPhases = (
				ECD3860421BC9D9600BF2BCB /* ShellScript */,
			);
			dependencies = (
			);
			name = Setup;
			productName = Setup;
		};
/* End PBXAggregateTarget section */

/* Begin PBXBuildFile section */
		EC08B97E22E660E1009BA3F3 /* UINavigationController+MUI.m in Sources */ = {isa = PBXBuildFile; fileRef = EC08B97D22E660E1009BA3F3 /* UINavigationController+MUI.m */; };
		EC0A2BCB1FA67FD400F3CA25 /* MUILongRunningTaskController.h in Headers */ = {isa = PBXBuildFile; fileRef = EC5D1C8C1F75C451008BC02E /* MUILongRunningTaskController.h */; settings = {ATTRIBUTES = (Public, ); }; };
		EC17D98C2181F9680045B7C3 /* UIKit.framework in Frameworks */ = {isa = PBXBuildFile; fileRef = EC17D98B2181F9680045B7C3 /* UIKit.framework */; };
		EC1E129C201299290036130D /* UITableViewCell+MUI.h in Headers */ = {isa = PBXBuildFile; fileRef = EC1E129A201299290036130D /* UITableViewCell+MUI.h */; settings = {ATTRIBUTES = (Public, ); }; };
		EC1E129D201299290036130D /* UITableViewCell+MUI.m in Sources */ = {isa = PBXBuildFile; fileRef = EC1E129B201299290036130D /* UITableViewCell+MUI.m */; };
		EC1E12A82012A60C0036130D /* UITableView+MUI.h in Headers */ = {isa = PBXBuildFile; fileRef = EC1E12A62012A60C0036130D /* UITableView+MUI.h */; settings = {ATTRIBUTES = (Public, ); }; };
		EC1E12A92012A60C0036130D /* UITableView+MUI.m in Sources */ = {isa = PBXBuildFile; fileRef = EC1E12A72012A60C0036130D /* UITableView+MUI.m */; };
		EC2F7E35200D8455001B9D3B /* UITextField+MUI.h in Headers */ = {isa = PBXBuildFile; fileRef = EC2F7E33200D8455001B9D3B /* UITextField+MUI.h */; settings = {ATTRIBUTES = (Public, ); }; };
		EC2F7E36200D8455001B9D3B /* UITextField+MUI.m in Sources */ = {isa = PBXBuildFile; fileRef = EC2F7E34200D8455001B9D3B /* UITextField+MUI.m */; };
		EC31452A1D0740C70025F669 /* MUIKit.h in Headers */ = {isa = PBXBuildFile; fileRef = EC3145291D0740C70025F669 /* MUIKit.h */; settings = {ATTRIBUTES = (Public, ); }; };
		EC3145311D0740C80025F669 /* MUIKit.framework in Frameworks */ = {isa = PBXBuildFile; fileRef = EC3145261D0740C70025F669 /* MUIKit.framework */; };
		EC3145361D0740C80025F669 /* MUIKitTests.m in Sources */ = {isa = PBXBuildFile; fileRef = EC3145351D0740C80025F669 /* MUIKitTests.m */; };
		EC31454C1D0740EA0025F669 /* MUIDictionaryViewController.h in Headers */ = {isa = PBXBuildFile; fileRef = EC3145401D0740EA0025F669 /* MUIDictionaryViewController.h */; settings = {ATTRIBUTES = (Public, ); }; };
		EC31454D1D0740EA0025F669 /* MUIDictionaryViewController.m in Sources */ = {isa = PBXBuildFile; fileRef = EC3145411D0740EA0025F669 /* MUIDictionaryViewController.m */; };
		EC31454E1D0740EA0025F669 /* MUIFlipController.h in Headers */ = {isa = PBXBuildFile; fileRef = EC3145421D0740EA0025F669 /* MUIFlipController.h */; settings = {ATTRIBUTES = (Public, ); }; };
		EC31454F1D0740EA0025F669 /* MUIFlipController.m in Sources */ = {isa = PBXBuildFile; fileRef = EC3145431D0740EA0025F669 /* MUIFlipController.m */; };
		EC3145501D0740EA0025F669 /* UIAlertController+MUI.h in Headers */ = {isa = PBXBuildFile; fileRef = EC3145441D0740EA0025F669 /* UIAlertController+MUI.h */; settings = {ATTRIBUTES = (Public, ); }; };
		EC3145511D0740EA0025F669 /* UIAlertController+MUI.m in Sources */ = {isa = PBXBuildFile; fileRef = EC3145451D0740EA0025F669 /* UIAlertController+MUI.m */; };
		EC3145521D0740EA0025F669 /* UINavigationBar+MUI.h in Headers */ = {isa = PBXBuildFile; fileRef = EC3145461D0740EA0025F669 /* UINavigationBar+MUI.h */; settings = {ATTRIBUTES = (Public, ); }; };
		EC3145531D0740EA0025F669 /* UINavigationBar+MUI.m in Sources */ = {isa = PBXBuildFile; fileRef = EC3145471D0740EA0025F669 /* UINavigationBar+MUI.m */; };
		EC3145541D0740EA0025F669 /* UITabBar+MUI.h in Headers */ = {isa = PBXBuildFile; fileRef = EC3145481D0740EA0025F669 /* UITabBar+MUI.h */; settings = {ATTRIBUTES = (Public, ); }; };
		EC3145551D0740EA0025F669 /* UITabBar+MUI.m in Sources */ = {isa = PBXBuildFile; fileRef = EC3145491D0740EA0025F669 /* UITabBar+MUI.m */; };
		EC3145561D0740EA0025F669 /* UIView+MUI.h in Headers */ = {isa = PBXBuildFile; fileRef = EC31454A1D0740EA0025F669 /* UIView+MUI.h */; settings = {ATTRIBUTES = (Public, ); }; };
		EC3145571D0740EA0025F669 /* UIView+MUI.m in Sources */ = {isa = PBXBuildFile; fileRef = EC31454B1D0740EA0025F669 /* UIView+MUI.m */; };
		EC34503F232BC63400B6136E /* UIResponder+MUI.h in Headers */ = {isa = PBXBuildFile; fileRef = EC34503D232BC63400B6136E /* UIResponder+MUI.h */; settings = {ATTRIBUTES = (Public, ); }; };
		EC345040232BC63400B6136E /* UIResponder+MUI.m in Sources */ = {isa = PBXBuildFile; fileRef = EC34503E232BC63400B6136E /* UIResponder+MUI.m */; };
		EC395CE3233563E200B25139 /* MUICompletionStoryboardSegue.h in Headers */ = {isa = PBXBuildFile; fileRef = EC395CE1233563E200B25139 /* MUICompletionStoryboardSegue.h */; settings = {ATTRIBUTES = (Public, ); }; };
		EC395CE4233563E200B25139 /* MUICompletionStoryboardSegue.m in Sources */ = {isa = PBXBuildFile; fileRef = EC395CE2233563E200B25139 /* MUICompletionStoryboardSegue.m */; };
		EC3E0E091DBA46C800D49472 /* MUIMultilineTableCell.h in Headers */ = {isa = PBXBuildFile; fileRef = EC3E0E071DBA46C800D49472 /* MUIMultilineTableCell.h */; settings = {ATTRIBUTES = (Public, ); }; };
		EC3E0E0A1DBA46C800D49472 /* MUIMultilineTableCell.m in Sources */ = {isa = PBXBuildFile; fileRef = EC3E0E081DBA46C800D49472 /* MUIMultilineTableCell.m */; };
		EC53896C22C6B01C00EACD40 /* UINavigationController+MUI.h in Headers */ = {isa = PBXBuildFile; fileRef = EC53896822C6AFD800EACD40 /* UINavigationController+MUI.h */; settings = {ATTRIBUTES = (Public, ); }; };
		EC596B16218A4433000B5302 /* UIViewController+MUIShowing.h in Headers */ = {isa = PBXBuildFile; fileRef = EC596B14218A4433000B5302 /* UIViewController+MUIShowing.h */; settings = {ATTRIBUTES = (Public, ); }; };
		EC596B17218A4433000B5302 /* UIViewController+MUIShowing.m in Sources */ = {isa = PBXBuildFile; fileRef = EC596B15218A4433000B5302 /* UIViewController+MUIShowing.m */; };
		EC596B1A218A44C4000B5302 /* UIViewController+MUIDetail.h in Headers */ = {isa = PBXBuildFile; fileRef = EC596B18218A44C4000B5302 /* UIViewController+MUIDetail.h */; settings = {ATTRIBUTES = (Public, ); }; };
		EC596B1B218A44C4000B5302 /* UIViewController+MUIDetail.m in Sources */ = {isa = PBXBuildFile; fileRef = EC596B19218A44C4000B5302 /* UIViewController+MUIDetail.m */; };
		EC5D1C891F75C2F0008BC02E /* MUIAlertController.m in Sources */ = {isa = PBXBuildFile; fileRef = EC5D1C881F75C2F0008BC02E /* MUIAlertController.m */; };
		EC5D1C8A1F75C2F3008BC02E /* MUIAlertController.h in Headers */ = {isa = PBXBuildFile; fileRef = EC5D1C871F75C2F0008BC02E /* MUIAlertController.h */; settings = {ATTRIBUTES = (Public, ); }; };
		EC5D1C8D1F75C451008BC02E /* MUILongRunningTaskController.m in Sources */ = {isa = PBXBuildFile; fileRef = EC5D1C8B1F75C451008BC02E /* MUILongRunningTaskController.m */; };
		EC5D1C901F75C4B0008BC02E /* MUIProgressViewController.h in Headers */ = {isa = PBXBuildFile; fileRef = EC5D1C8E1F75C4B0008BC02E /* MUIProgressViewController.h */; settings = {ATTRIBUTES = (Public, ); }; };
		EC5D1C911F75C4B0008BC02E /* MUIProgressViewController.m in Sources */ = {isa = PBXBuildFile; fileRef = EC5D1C8F1F75C4B0008BC02E /* MUIProgressViewController.m */; };
		EC64A2DE21E003A800CF90AA /* MUIRootNavigationController.h in Headers */ = {isa = PBXBuildFile; fileRef = EC64A2D921E003A800CF90AA /* MUIRootNavigationController.h */; settings = {ATTRIBUTES = (Public, ); }; };
		EC64A2DF21E003A800CF90AA /* MUIRootNavigationController.m in Sources */ = {isa = PBXBuildFile; fileRef = EC64A2DD21E003A800CF90AA /* MUIRootNavigationController.m */; };
		EC67588F1DB024A200838798 /* MUIAccount.storyboard in Resources */ = {isa = PBXBuildFile; fileRef = EC67588E1DB024A200838798 /* MUIAccount.storyboard */; };
		EC6758921DB024AC00838798 /* MUIAccountViewController.h in Headers */ = {isa = PBXBuildFile; fileRef = EC6758901DB024AC00838798 /* MUIAccountViewController.h */; settings = {ATTRIBUTES = (Public, ); }; };
		EC6758931DB024AC00838798 /* MUIAccountViewController.m in Sources */ = {isa = PBXBuildFile; fileRef = EC6758911DB024AC00838798 /* MUIAccountViewController.m */; };
		EC6758961DB0251E00838798 /* MUIEditableTableCell.h in Headers */ = {isa = PBXBuildFile; fileRef = EC6758941DB0251E00838798 /* MUIEditableTableCell.h */; settings = {ATTRIBUTES = (Public, ); }; };
		EC6758971DB0251E00838798 /* MUIEditableTableCell.m in Sources */ = {isa = PBXBuildFile; fileRef = EC6758951DB0251E00838798 /* MUIEditableTableCell.m */; };
		EC6758A71DB02C1F00838798 /* UIAlertView+MUI.h in Headers */ = {isa = PBXBuildFile; fileRef = EC6758A51DB02C1F00838798 /* UIAlertView+MUI.h */; settings = {ATTRIBUTES = (Public, ); }; };
		EC6758A81DB02C1F00838798 /* UIAlertView+MUI.m in Sources */ = {isa = PBXBuildFile; fileRef = EC6758A61DB02C1F00838798 /* UIAlertView+MUI.m */; };
		EC72FF44232BFE21009D4048 /* UIBarButtonItem+MUI.m in Sources */ = {isa = PBXBuildFile; fileRef = EC72FF42232BFE21009D4048 /* UIBarButtonItem+MUI.m */; };
		EC72FF45232BFE21009D4048 /* UIBarButtonItem+MUI.h in Headers */ = {isa = PBXBuildFile; fileRef = EC72FF43232BFE21009D4048 /* UIBarButtonItem+MUI.h */; settings = {ATTRIBUTES = (Public, ); }; };
		EC76D6D81D9E431B002DC0A0 /* MUIDefines.h in Headers */ = {isa = PBXBuildFile; fileRef = EC76D6D71D9E42A5002DC0A0 /* MUIDefines.h */; settings = {ATTRIBUTES = (Public, ); }; };
		EC76D6E21D9E4442002DC0A0 /* MUILogInViewController.h in Headers */ = {isa = PBXBuildFile; fileRef = EC76D6DC1D9E4442002DC0A0 /* MUILogInViewController.h */; settings = {ATTRIBUTES = (Public, ); }; };
		EC76D6E31D9E4442002DC0A0 /* MUILogInViewController.m in Sources */ = {isa = PBXBuildFile; fileRef = EC76D6DD1D9E4442002DC0A0 /* MUILogInViewController.m */; };
		EC76D6E41D9E4442002DC0A0 /* MUISignUpViewController.h in Headers */ = {isa = PBXBuildFile; fileRef = EC76D6DE1D9E4442002DC0A0 /* MUISignUpViewController.h */; settings = {ATTRIBUTES = (Public, ); }; };
		EC76D6E51D9E4442002DC0A0 /* MUISignUpViewController.m in Sources */ = {isa = PBXBuildFile; fileRef = EC76D6DF1D9E4442002DC0A0 /* MUISignUpViewController.m */; };
		EC76D6E81D9E4470002DC0A0 /* UIViewController+MUI.h in Headers */ = {isa = PBXBuildFile; fileRef = EC76D6E61D9E4470002DC0A0 /* UIViewController+MUI.h */; settings = {ATTRIBUTES = (Public, ); }; };
		EC76D6E91D9E4470002DC0A0 /* UIViewController+MUI.m in Sources */ = {isa = PBXBuildFile; fileRef = EC76D6E71D9E4470002DC0A0 /* UIViewController+MUI.m */; };
		EC90C9FF21AF53D9001A7883 /* MUITableViewCellObject.h in Headers */ = {isa = PBXBuildFile; fileRef = EC90C9FC21AF53D9001A7883 /* MUITableViewCellObject.h */; settings = {ATTRIBUTES = (Public, ); }; };
		EC90CA4021AF70BA001A7883 /* MHFoundation.framework in Frameworks */ = {isa = PBXBuildFile; fileRef = EC90CA3421AF70AB001A7883 /* MHFoundation.framework */; };
		EC90CA4121AF70BD001A7883 /* MCoreData.framework in Frameworks */ = {isa = PBXBuildFile; fileRef = EC90CA3D21AF70AD001A7883 /* MCoreData.framework */; };
		EC998C91233E6E98008B10C2 /* MUIMasterViewController.h in Headers */ = {isa = PBXBuildFile; fileRef = EC998C8C233E6E98008B10C2 /* MUIMasterViewController.h */; settings = {ATTRIBUTES = (Public, ); }; };
		EC998C92233E6E98008B10C2 /* MUIMasterViewController.m in Sources */ = {isa = PBXBuildFile; fileRef = EC998C90233E6E98008B10C2 /* MUIMasterViewController.m */; };
		EC9A9CA120344F0900E5A698 /* UIImage+MUI.h in Headers */ = {isa = PBXBuildFile; fileRef = EC9A9C9F20344F0900E5A698 /* UIImage+MUI.h */; settings = {ATTRIBUTES = (Public, ); }; };
		EC9A9CA220344F0900E5A698 /* UIImage+MUI.m in Sources */ = {isa = PBXBuildFile; fileRef = EC9A9CA020344F0900E5A698 /* UIImage+MUI.m */; };
		ECAE233F1D90878500806031 /* UINavigationItem+MUI.h in Headers */ = {isa = PBXBuildFile; fileRef = ECAE233D1D90878500806031 /* UINavigationItem+MUI.h */; settings = {ATTRIBUTES = (Public, ); }; };
		ECAE23401D90878500806031 /* UINavigationItem+MUI.m in Sources */ = {isa = PBXBuildFile; fileRef = ECAE233E1D90878500806031 /* UINavigationItem+MUI.m */; };
		ECBD8829218C7EC800F5E602 /* MUISplitViewController.m in Sources */ = {isa = PBXBuildFile; fileRef = ECBD8827218C7EC800F5E602 /* MUISplitViewController.m */; };
		ECBD882A218C7EC800F5E602 /* MUISplitViewController.h in Headers */ = {isa = PBXBuildFile; fileRef = ECBD8828218C7EC800F5E602 /* MUISplitViewController.h */; settings = {ATTRIBUTES = (Public, ); }; };
		ECC2CC3421B890970000C99C /* MUIFetchedTableViewController.h in Headers */ = {isa = PBXBuildFile; fileRef = ECC2CC3221B890970000C99C /* MUIFetchedTableViewController.h */; settings = {ATTRIBUTES = (Public, ); }; };
		ECC2CC3521B890970000C99C /* MUIFetchedTableViewController.m in Sources */ = {isa = PBXBuildFile; fileRef = ECC2CC3321B890970000C99C /* MUIFetchedTableViewController.m */; };
		ECCB758A22B2B273008F2064 /* MUITableView.m in Sources */ = {isa = PBXBuildFile; fileRef = ECCB758522B2B273008F2064 /* MUITableView.m */; };
		ECCB758B22B2B273008F2064 /* MUITableView.h in Headers */ = {isa = PBXBuildFile; fileRef = ECCB758922B2B273008F2064 /* MUITableView.h */; settings = {ATTRIBUTES = (Public, ); }; };
		ECD385ED21BC881E00BF2BCB /* UISplitViewController+MUI.h in Headers */ = {isa = PBXBuildFile; fileRef = ECD385EB21BC881E00BF2BCB /* UISplitViewController+MUI.h */; settings = {ATTRIBUTES = (Public, ); }; };
		ECD385EE21BC881E00BF2BCB /* UISplitViewController+MUI.m in Sources */ = {isa = PBXBuildFile; fileRef = ECD385EC21BC881E00BF2BCB /* UISplitViewController+MUI.m */; };
		ECD3862321C0752400BF2BCB /* MUICollapseController.m in Sources */ = {isa = PBXBuildFile; fileRef = ECD3861E21C0752400BF2BCB /* MUICollapseController.m */; };
		ECD3862421C0752400BF2BCB /* MUICollapseController.h in Headers */ = {isa = PBXBuildFile; fileRef = ECD3862221C0752400BF2BCB /* MUICollapseController.h */; settings = {ATTRIBUTES = (Public, ); }; };
/* End PBXBuildFile section */

/* Begin PBXContainerItemProxy section */
		EC3145321D0740C80025F669 /* PBXContainerItemProxy */ = {
			isa = PBXContainerItemProxy;
			containerPortal = EC31451D1D0740C70025F669 /* Project object */;
			proxyType = 1;
			remoteGlobalIDString = EC3145251D0740C70025F669;
			remoteInfo = MHUI;
		};
		EC56BA0122AFE02600C6D57B /* PBXContainerItemProxy */ = {
			isa = PBXContainerItemProxy;
			containerPortal = EC90CA3721AF70AD001A7883 /* MCoreData.xcodeproj */;
			proxyType = 1;
			remoteGlobalIDString = EC3144D91D073E010025F669;
			remoteInfo = MCoreData;
		};
		EC90CA3321AF70AB001A7883 /* PBXContainerItemProxy */ = {
			isa = PBXContainerItemProxy;
			containerPortal = EC90CA2E21AF70AB001A7883 /* MHFoundation.xcodeproj */;
			proxyType = 2;
			remoteGlobalIDString = EC31444D1D073A1A0025F669;
			remoteInfo = MHFoundation;
		};
		EC90CA3521AF70AB001A7883 /* PBXContainerItemProxy */ = {
			isa = PBXContainerItemProxy;
			containerPortal = EC90CA2E21AF70AB001A7883 /* MHFoundation.xcodeproj */;
			proxyType = 2;
			remoteGlobalIDString = EC3144571D073A1A0025F669;
			remoteInfo = MHFoundationTests;
		};
		EC90CA3C21AF70AD001A7883 /* PBXContainerItemProxy */ = {
			isa = PBXContainerItemProxy;
			containerPortal = EC90CA3721AF70AD001A7883 /* MCoreData.xcodeproj */;
			proxyType = 2;
			remoteGlobalIDString = EC3144DA1D073E010025F669;
			remoteInfo = MCoreData;
		};
		EC90CA3E21AF70AD001A7883 /* PBXContainerItemProxy */ = {
			isa = PBXContainerItemProxy;
			containerPortal = EC90CA3721AF70AD001A7883 /* MCoreData.xcodeproj */;
			proxyType = 2;
			remoteGlobalIDString = EC3144E41D073E010025F669;
			remoteInfo = MCoreDataTests;
		};
/* End PBXContainerItemProxy section */

/* Begin PBXFileReference section */
		EC08B97D22E660E1009BA3F3 /* UINavigationController+MUI.m */ = {isa = PBXFileReference; lastKnownFileType = sourcecode.c.objc; path = "UINavigationController+MUI.m"; sourceTree = "<group>"; };
		EC17D98B2181F9680045B7C3 /* UIKit.framework */ = {isa = PBXFileReference; lastKnownFileType = wrapper.framework; name = UIKit.framework; path = System/Library/Frameworks/UIKit.framework; sourceTree = SDKROOT; };
		EC1E129A201299290036130D /* UITableViewCell+MUI.h */ = {isa = PBXFileReference; lastKnownFileType = sourcecode.c.h; path = "UITableViewCell+MUI.h"; sourceTree = "<group>"; };
		EC1E129B201299290036130D /* UITableViewCell+MUI.m */ = {isa = PBXFileReference; lastKnownFileType = sourcecode.c.objc; path = "UITableViewCell+MUI.m"; sourceTree = "<group>"; };
		EC1E12A62012A60C0036130D /* UITableView+MUI.h */ = {isa = PBXFileReference; lastKnownFileType = sourcecode.c.h; path = "UITableView+MUI.h"; sourceTree = "<group>"; };
		EC1E12A72012A60C0036130D /* UITableView+MUI.m */ = {isa = PBXFileReference; lastKnownFileType = sourcecode.c.objc; path = "UITableView+MUI.m"; sourceTree = "<group>"; };
		EC2F7E33200D8455001B9D3B /* UITextField+MUI.h */ = {isa = PBXFileReference; lastKnownFileType = sourcecode.c.h; path = "UITextField+MUI.h"; sourceTree = "<group>"; };
		EC2F7E34200D8455001B9D3B /* UITextField+MUI.m */ = {isa = PBXFileReference; lastKnownFileType = sourcecode.c.objc; path = "UITextField+MUI.m"; sourceTree = "<group>"; };
		EC3145261D0740C70025F669 /* MUIKit.framework */ = {isa = PBXFileReference; explicitFileType = wrapper.framework; includeInIndex = 0; path = MUIKit.framework; sourceTree = BUILT_PRODUCTS_DIR; };
		EC3145291D0740C70025F669 /* MUIKit.h */ = {isa = PBXFileReference; lastKnownFileType = sourcecode.c.h; path = MUIKit.h; sourceTree = "<group>"; };
		EC31452B1D0740C70025F669 /* Info.plist */ = {isa = PBXFileReference; lastKnownFileType = text.plist.xml; path = Info.plist; sourceTree = "<group>"; };
		EC3145301D0740C80025F669 /* MUIKitTests.xctest */ = {isa = PBXFileReference; explicitFileType = wrapper.cfbundle; includeInIndex = 0; path = MUIKitTests.xctest; sourceTree = BUILT_PRODUCTS_DIR; };
		EC3145351D0740C80025F669 /* MUIKitTests.m */ = {isa = PBXFileReference; lastKnownFileType = sourcecode.c.objc; path = MUIKitTests.m; sourceTree = "<group>"; };
		EC3145371D0740C80025F669 /* Info.plist */ = {isa = PBXFileReference; lastKnownFileType = text.plist.xml; path = Info.plist; sourceTree = "<group>"; };
		EC3145401D0740EA0025F669 /* MUIDictionaryViewController.h */ = {isa = PBXFileReference; fileEncoding = 4; lastKnownFileType = sourcecode.c.h; path = MUIDictionaryViewController.h; sourceTree = "<group>"; };
		EC3145411D0740EA0025F669 /* MUIDictionaryViewController.m */ = {isa = PBXFileReference; fileEncoding = 4; lastKnownFileType = sourcecode.c.objc; path = MUIDictionaryViewController.m; sourceTree = "<group>"; };
		EC3145421D0740EA0025F669 /* MUIFlipController.h */ = {isa = PBXFileReference; fileEncoding = 4; lastKnownFileType = sourcecode.c.h; path = MUIFlipController.h; sourceTree = "<group>"; };
		EC3145431D0740EA0025F669 /* MUIFlipController.m */ = {isa = PBXFileReference; fileEncoding = 4; lastKnownFileType = sourcecode.c.objc; path = MUIFlipController.m; sourceTree = "<group>"; };
		EC3145441D0740EA0025F669 /* UIAlertController+MUI.h */ = {isa = PBXFileReference; fileEncoding = 4; lastKnownFileType = sourcecode.c.h; path = "UIAlertController+MUI.h"; sourceTree = "<group>"; };
		EC3145451D0740EA0025F669 /* UIAlertController+MUI.m */ = {isa = PBXFileReference; fileEncoding = 4; lastKnownFileType = sourcecode.c.objc; path = "UIAlertController+MUI.m"; sourceTree = "<group>"; };
		EC3145461D0740EA0025F669 /* UINavigationBar+MUI.h */ = {isa = PBXFileReference; fileEncoding = 4; lastKnownFileType = sourcecode.c.h; path = "UINavigationBar+MUI.h"; sourceTree = "<group>"; };
		EC3145471D0740EA0025F669 /* UINavigationBar+MUI.m */ = {isa = PBXFileReference; fileEncoding = 4; lastKnownFileType = sourcecode.c.objc; path = "UINavigationBar+MUI.m"; sourceTree = "<group>"; };
		EC3145481D0740EA0025F669 /* UITabBar+MUI.h */ = {isa = PBXFileReference; fileEncoding = 4; lastKnownFileType = sourcecode.c.h; path = "UITabBar+MUI.h"; sourceTree = "<group>"; };
		EC3145491D0740EA0025F669 /* UITabBar+MUI.m */ = {isa = PBXFileReference; fileEncoding = 4; lastKnownFileType = sourcecode.c.objc; path = "UITabBar+MUI.m"; sourceTree = "<group>"; };
		EC31454A1D0740EA0025F669 /* UIView+MUI.h */ = {isa = PBXFileReference; fileEncoding = 4; lastKnownFileType = sourcecode.c.h; path = "UIView+MUI.h"; sourceTree = "<group>"; };
		EC31454B1D0740EA0025F669 /* UIView+MUI.m */ = {isa = PBXFileReference; fileEncoding = 4; lastKnownFileType = sourcecode.c.objc; path = "UIView+MUI.m"; sourceTree = "<group>"; };
		EC34503D232BC63400B6136E /* UIResponder+MUI.h */ = {isa = PBXFileReference; lastKnownFileType = sourcecode.c.h; path = "UIResponder+MUI.h"; sourceTree = "<group>"; };
		EC34503E232BC63400B6136E /* UIResponder+MUI.m */ = {isa = PBXFileReference; lastKnownFileType = sourcecode.c.objc; path = "UIResponder+MUI.m"; sourceTree = "<group>"; };
		EC395CE1233563E200B25139 /* MUICompletionStoryboardSegue.h */ = {isa = PBXFileReference; lastKnownFileType = sourcecode.c.h; path = MUICompletionStoryboardSegue.h; sourceTree = "<group>"; };
		EC395CE2233563E200B25139 /* MUICompletionStoryboardSegue.m */ = {isa = PBXFileReference; lastKnownFileType = sourcecode.c.objc; path = MUICompletionStoryboardSegue.m; sourceTree = "<group>"; };
		EC3E0E071DBA46C800D49472 /* MUIMultilineTableCell.h */ = {isa = PBXFileReference; fileEncoding = 4; lastKnownFileType = sourcecode.c.h; path = MUIMultilineTableCell.h; sourceTree = "<group>"; };
		EC3E0E081DBA46C800D49472 /* MUIMultilineTableCell.m */ = {isa = PBXFileReference; fileEncoding = 4; lastKnownFileType = sourcecode.c.objc; path = MUIMultilineTableCell.m; sourceTree = "<group>"; };
		EC53896822C6AFD800EACD40 /* UINavigationController+MUI.h */ = {isa = PBXFileReference; lastKnownFileType = sourcecode.c.h; path = "UINavigationController+MUI.h"; sourceTree = "<group>"; };
		EC596B14218A4433000B5302 /* UIViewController+MUIShowing.h */ = {isa = PBXFileReference; lastKnownFileType = sourcecode.c.h; path = "UIViewController+MUIShowing.h"; sourceTree = "<group>"; };
		EC596B15218A4433000B5302 /* UIViewController+MUIShowing.m */ = {isa = PBXFileReference; lastKnownFileType = sourcecode.c.objc; path = "UIViewController+MUIShowing.m"; sourceTree = "<group>"; };
		EC596B18218A44C4000B5302 /* UIViewController+MUIDetail.h */ = {isa = PBXFileReference; lastKnownFileType = sourcecode.c.h; path = "UIViewController+MUIDetail.h"; sourceTree = "<group>"; };
		EC596B19218A44C4000B5302 /* UIViewController+MUIDetail.m */ = {isa = PBXFileReference; lastKnownFileType = sourcecode.c.objc; path = "UIViewController+MUIDetail.m"; sourceTree = "<group>"; };
		EC5D1C871F75C2F0008BC02E /* MUIAlertController.h */ = {isa = PBXFileReference; lastKnownFileType = sourcecode.c.h; path = MUIAlertController.h; sourceTree = "<group>"; };
		EC5D1C881F75C2F0008BC02E /* MUIAlertController.m */ = {isa = PBXFileReference; lastKnownFileType = sourcecode.c.objc; path = MUIAlertController.m; sourceTree = "<group>"; };
		EC5D1C8B1F75C451008BC02E /* MUILongRunningTaskController.m */ = {isa = PBXFileReference; lastKnownFileType = sourcecode.c.objc; path = MUILongRunningTaskController.m; sourceTree = "<group>"; };
		EC5D1C8C1F75C451008BC02E /* MUILongRunningTaskController.h */ = {isa = PBXFileReference; lastKnownFileType = sourcecode.c.h; path = MUILongRunningTaskController.h; sourceTree = "<group>"; };
		EC5D1C8E1F75C4B0008BC02E /* MUIProgressViewController.h */ = {isa = PBXFileReference; lastKnownFileType = sourcecode.c.h; path = MUIProgressViewController.h; sourceTree = "<group>"; };
		EC5D1C8F1F75C4B0008BC02E /* MUIProgressViewController.m */ = {isa = PBXFileReference; lastKnownFileType = sourcecode.c.objc; path = MUIProgressViewController.m; sourceTree = "<group>"; };
		EC64A2D921E003A800CF90AA /* MUIRootNavigationController.h */ = {isa = PBXFileReference; fileEncoding = 4; lastKnownFileType = sourcecode.c.h; path = MUIRootNavigationController.h; sourceTree = "<group>"; };
		EC64A2DD21E003A800CF90AA /* MUIRootNavigationController.m */ = {isa = PBXFileReference; fileEncoding = 4; lastKnownFileType = sourcecode.c.objc; path = MUIRootNavigationController.m; sourceTree = "<group>"; };
		EC67588E1DB024A200838798 /* MUIAccount.storyboard */ = {isa = PBXFileReference; fileEncoding = 4; lastKnownFileType = file.storyboard; path = MUIAccount.storyboard; sourceTree = "<group>"; };
		EC6758901DB024AC00838798 /* MUIAccountViewController.h */ = {isa = PBXFileReference; fileEncoding = 4; lastKnownFileType = sourcecode.c.h; path = MUIAccountViewController.h; sourceTree = "<group>"; };
		EC6758911DB024AC00838798 /* MUIAccountViewController.m */ = {isa = PBXFileReference; fileEncoding = 4; lastKnownFileType = sourcecode.c.objc; path = MUIAccountViewController.m; sourceTree = "<group>"; };
		EC6758941DB0251E00838798 /* MUIEditableTableCell.h */ = {isa = PBXFileReference; fileEncoding = 4; lastKnownFileType = sourcecode.c.h; path = MUIEditableTableCell.h; sourceTree = "<group>"; };
		EC6758951DB0251E00838798 /* MUIEditableTableCell.m */ = {isa = PBXFileReference; fileEncoding = 4; lastKnownFileType = sourcecode.c.objc; path = MUIEditableTableCell.m; sourceTree = "<group>"; };
		EC6758A51DB02C1F00838798 /* UIAlertView+MUI.h */ = {isa = PBXFileReference; fileEncoding = 4; lastKnownFileType = sourcecode.c.h; path = "UIAlertView+MUI.h"; sourceTree = "<group>"; };
		EC6758A61DB02C1F00838798 /* UIAlertView+MUI.m */ = {isa = PBXFileReference; fileEncoding = 4; lastKnownFileType = sourcecode.c.objc; path = "UIAlertView+MUI.m"; sourceTree = "<group>"; };
		EC72FF42232BFE21009D4048 /* UIBarButtonItem+MUI.m */ = {isa = PBXFileReference; fileEncoding = 4; lastKnownFileType = sourcecode.c.objc; path = "UIBarButtonItem+MUI.m"; sourceTree = "<group>"; };
		EC72FF43232BFE21009D4048 /* UIBarButtonItem+MUI.h */ = {isa = PBXFileReference; fileEncoding = 4; lastKnownFileType = sourcecode.c.h; path = "UIBarButtonItem+MUI.h"; sourceTree = "<group>"; };
		EC76D6D71D9E42A5002DC0A0 /* MUIDefines.h */ = {isa = PBXFileReference; lastKnownFileType = sourcecode.c.h; path = MUIDefines.h; sourceTree = "<group>"; };
		EC76D6DC1D9E4442002DC0A0 /* MUILogInViewController.h */ = {isa = PBXFileReference; fileEncoding = 4; lastKnownFileType = sourcecode.c.h; path = MUILogInViewController.h; sourceTree = "<group>"; };
		EC76D6DD1D9E4442002DC0A0 /* MUILogInViewController.m */ = {isa = PBXFileReference; fileEncoding = 4; lastKnownFileType = sourcecode.c.objc; path = MUILogInViewController.m; sourceTree = "<group>"; };
		EC76D6DE1D9E4442002DC0A0 /* MUISignUpViewController.h */ = {isa = PBXFileReference; fileEncoding = 4; lastKnownFileType = sourcecode.c.h; path = MUISignUpViewController.h; sourceTree = "<group>"; };
		EC76D6DF1D9E4442002DC0A0 /* MUISignUpViewController.m */ = {isa = PBXFileReference; fileEncoding = 4; lastKnownFileType = sourcecode.c.objc; path = MUISignUpViewController.m; sourceTree = "<group>"; };
		EC76D6E61D9E4470002DC0A0 /* UIViewController+MUI.h */ = {isa = PBXFileReference; fileEncoding = 4; lastKnownFileType = sourcecode.c.h; path = "UIViewController+MUI.h"; sourceTree = "<group>"; };
		EC76D6E71D9E4470002DC0A0 /* UIViewController+MUI.m */ = {isa = PBXFileReference; fileEncoding = 4; lastKnownFileType = sourcecode.c.objc; path = "UIViewController+MUI.m"; sourceTree = "<group>"; };
		EC90C9FC21AF53D9001A7883 /* MUITableViewCellObject.h */ = {isa = PBXFileReference; fileEncoding = 4; lastKnownFileType = sourcecode.c.h; path = MUITableViewCellObject.h; sourceTree = "<group>"; };
		EC90CA2E21AF70AB001A7883 /* MHFoundation.xcodeproj */ = {isa = PBXFileReference; lastKnownFileType = "wrapper.pb-project"; name = MHFoundation.xcodeproj; path = MHFoundation/MHFoundation.xcodeproj; sourceTree = "<group>"; };
		EC90CA3721AF70AD001A7883 /* MCoreData.xcodeproj */ = {isa = PBXFileReference; lastKnownFileType = "wrapper.pb-project"; name = MCoreData.xcodeproj; path = MCoreData/MCoreData.xcodeproj; sourceTree = "<group>"; };
		EC998C8C233E6E98008B10C2 /* MUIMasterViewController.h */ = {isa = PBXFileReference; fileEncoding = 4; lastKnownFileType = sourcecode.c.h; path = MUIMasterViewController.h; sourceTree = "<group>"; };
		EC998C90233E6E98008B10C2 /* MUIMasterViewController.m */ = {isa = PBXFileReference; fileEncoding = 4; lastKnownFileType = sourcecode.c.objc; path = MUIMasterViewController.m; sourceTree = "<group>"; };
		EC9A9C9F20344F0900E5A698 /* UIImage+MUI.h */ = {isa = PBXFileReference; lastKnownFileType = sourcecode.c.h; path = "UIImage+MUI.h"; sourceTree = "<group>"; };
		EC9A9CA020344F0900E5A698 /* UIImage+MUI.m */ = {isa = PBXFileReference; lastKnownFileType = sourcecode.c.objc; path = "UIImage+MUI.m"; sourceTree = "<group>"; };
		ECAE233D1D90878500806031 /* UINavigationItem+MUI.h */ = {isa = PBXFileReference; fileEncoding = 4; lastKnownFileType = sourcecode.c.h; path = "UINavigationItem+MUI.h"; sourceTree = "<group>"; };
		ECAE233E1D90878500806031 /* UINavigationItem+MUI.m */ = {isa = PBXFileReference; fileEncoding = 4; lastKnownFileType = sourcecode.c.objc; path = "UINavigationItem+MUI.m"; sourceTree = "<group>"; };
		ECBD8827218C7EC800F5E602 /* MUISplitViewController.m */ = {isa = PBXFileReference; fileEncoding = 4; lastKnownFileType = sourcecode.c.objc; path = MUISplitViewController.m; sourceTree = "<group>"; };
		ECBD8828218C7EC800F5E602 /* MUISplitViewController.h */ = {isa = PBXFileReference; fileEncoding = 4; lastKnownFileType = sourcecode.c.h; path = MUISplitViewController.h; sourceTree = "<group>"; };
		ECC2CC3221B890970000C99C /* MUIFetchedTableViewController.h */ = {isa = PBXFileReference; lastKnownFileType = sourcecode.c.h; path = MUIFetchedTableViewController.h; sourceTree = "<group>"; };
		ECC2CC3321B890970000C99C /* MUIFetchedTableViewController.m */ = {isa = PBXFileReference; lastKnownFileType = sourcecode.c.objc; path = MUIFetchedTableViewController.m; sourceTree = "<group>"; };
		ECCB758522B2B273008F2064 /* MUITableView.m */ = {isa = PBXFileReference; fileEncoding = 4; lastKnownFileType = sourcecode.c.objc; path = MUITableView.m; sourceTree = "<group>"; };
		ECCB758922B2B273008F2064 /* MUITableView.h */ = {isa = PBXFileReference; fileEncoding = 4; lastKnownFileType = sourcecode.c.h; path = MUITableView.h; sourceTree = "<group>"; };
		ECD385EB21BC881E00BF2BCB /* UISplitViewController+MUI.h */ = {isa = PBXFileReference; lastKnownFileType = sourcecode.c.h; path = "UISplitViewController+MUI.h"; sourceTree = "<group>"; };
		ECD385EC21BC881E00BF2BCB /* UISplitViewController+MUI.m */ = {isa = PBXFileReference; lastKnownFileType = sourcecode.c.objc; path = "UISplitViewController+MUI.m"; sourceTree = "<group>"; };
		ECD3861E21C0752400BF2BCB /* MUICollapseController.m */ = {isa = PBXFileReference; fileEncoding = 4; lastKnownFileType = sourcecode.c.objc; path = MUICollapseController.m; sourceTree = "<group>"; };
		ECD3862221C0752400BF2BCB /* MUICollapseController.h */ = {isa = PBXFileReference; fileEncoding = 4; lastKnownFileType = sourcecode.c.h; path = MUICollapseController.h; sourceTree = "<group>"; };
/* End PBXFileReference section */

/* Begin PBXFrameworksBuildPhase section */
		EC3145221D0740C70025F669 /* Frameworks */ = {
			isa = PBXFrameworksBuildPhase;
			buildActionMask = 2147483647;
			files = (
				EC90CA4121AF70BD001A7883 /* MCoreData.framework in Frameworks */,
				EC90CA4021AF70BA001A7883 /* MHFoundation.framework in Frameworks */,
				EC17D98C2181F9680045B7C3 /* UIKit.framework in Frameworks */,
			);
			runOnlyForDeploymentPostprocessing = 0;
		};
		EC31452D1D0740C80025F669 /* Frameworks */ = {
			isa = PBXFrameworksBuildPhase;
			buildActionMask = 2147483647;
			files = (
				EC3145311D0740C80025F669 /* MUIKit.framework in Frameworks */,
			);
			runOnlyForDeploymentPostprocessing = 0;
		};
/* End PBXFrameworksBuildPhase section */

/* Begin PBXGroup section */
		EC02A87B21808BE300DCC84C /* Frameworks */ = {
			isa = PBXGroup;
			children = (
				EC90CA3721AF70AD001A7883 /* MCoreData.xcodeproj */,
				EC90CA2E21AF70AB001A7883 /* MHFoundation.xcodeproj */,
				EC17D98B2181F9680045B7C3 /* UIKit.framework */,
			);
			name = Frameworks;
			sourceTree = "<group>";
		};
		EC31451C1D0740C70025F669 = {
			isa = PBXGroup;
			children = (
				EC3145281D0740C70025F669 /* MUIKit */,
				EC3145341D0740C80025F669 /* MUIKitTests */,
				EC3145271D0740C70025F669 /* Products */,
				EC02A87B21808BE300DCC84C /* Frameworks */,
			);
			sourceTree = "<group>";
		};
		EC3145271D0740C70025F669 /* Products */ = {
			isa = PBXGroup;
			children = (
				EC3145261D0740C70025F669 /* MUIKit.framework */,
				EC3145301D0740C80025F669 /* MUIKitTests.xctest */,
			);
			name = Products;
			sourceTree = "<group>";
		};
		EC3145281D0740C70025F669 /* MUIKit */ = {
			isa = PBXGroup;
			children = (
				EC31452B1D0740C70025F669 /* Info.plist */,
				EC3145291D0740C70025F669 /* MUIKit.h */,
				EC76D6D71D9E42A5002DC0A0 /* MUIDefines.h */,
				EC6758941DB0251E00838798 /* MUIEditableTableCell.h */,
				EC6758951DB0251E00838798 /* MUIEditableTableCell.m */,
				EC3E0E071DBA46C800D49472 /* MUIMultilineTableCell.h */,
				EC3E0E081DBA46C800D49472 /* MUIMultilineTableCell.m */,
				ECCB758922B2B273008F2064 /* MUITableView.h */,
				ECCB758522B2B273008F2064 /* MUITableView.m */,
				EC998C8C233E6E98008B10C2 /* MUIMasterViewController.h */,
				EC998C90233E6E98008B10C2 /* MUIMasterViewController.m */,
				ECC2CC3221B890970000C99C /* MUIFetchedTableViewController.h */,
				ECC2CC3321B890970000C99C /* MUIFetchedTableViewController.m */,
				ECD3862221C0752400BF2BCB /* MUICollapseController.h */,
				ECD3861E21C0752400BF2BCB /* MUICollapseController.m */,
				EC90C9FC21AF53D9001A7883 /* MUITableViewCellObject.h */,
				ECBD8828218C7EC800F5E602 /* MUISplitViewController.h */,
				ECBD8827218C7EC800F5E602 /* MUISplitViewController.m */,
				EC64A2D921E003A800CF90AA /* MUIRootNavigationController.h */,
				EC64A2DD21E003A800CF90AA /* MUIRootNavigationController.m */,
				EC6758901DB024AC00838798 /* MUIAccountViewController.h */,
				EC6758911DB024AC00838798 /* MUIAccountViewController.m */,
				EC76D6DC1D9E4442002DC0A0 /* MUILogInViewController.h */,
				EC76D6DD1D9E4442002DC0A0 /* MUILogInViewController.m */,
				EC76D6DE1D9E4442002DC0A0 /* MUISignUpViewController.h */,
				EC76D6DF1D9E4442002DC0A0 /* MUISignUpViewController.m */,
				EC3145401D0740EA0025F669 /* MUIDictionaryViewController.h */,
				EC3145411D0740EA0025F669 /* MUIDictionaryViewController.m */,
				EC3145421D0740EA0025F669 /* MUIFlipController.h */,
				EC3145431D0740EA0025F669 /* MUIFlipController.m */,
				EC3145441D0740EA0025F669 /* UIAlertController+MUI.h */,
				EC3145451D0740EA0025F669 /* UIAlertController+MUI.m */,
				EC3145461D0740EA0025F669 /* UINavigationBar+MUI.h */,
				EC3145471D0740EA0025F669 /* UINavigationBar+MUI.m */,
				EC3145481D0740EA0025F669 /* UITabBar+MUI.h */,
				EC3145491D0740EA0025F669 /* UITabBar+MUI.m */,
				EC31454A1D0740EA0025F669 /* UIView+MUI.h */,
				EC31454B1D0740EA0025F669 /* UIView+MUI.m */,
				ECAE233D1D90878500806031 /* UINavigationItem+MUI.h */,
				ECAE233E1D90878500806031 /* UINavigationItem+MUI.m */,
				EC76D6E61D9E4470002DC0A0 /* UIViewController+MUI.h */,
				EC76D6E71D9E4470002DC0A0 /* UIViewController+MUI.m */,
				EC596B18218A44C4000B5302 /* UIViewController+MUIDetail.h */,
				EC596B19218A44C4000B5302 /* UIViewController+MUIDetail.m */,
				EC596B14218A4433000B5302 /* UIViewController+MUIShowing.h */,
				EC596B15218A4433000B5302 /* UIViewController+MUIShowing.m */,
				EC6758A51DB02C1F00838798 /* UIAlertView+MUI.h */,
				EC6758A61DB02C1F00838798 /* UIAlertView+MUI.m */,
				EC67588E1DB024A200838798 /* MUIAccount.storyboard */,
				EC5D1C871F75C2F0008BC02E /* MUIAlertController.h */,
				EC5D1C881F75C2F0008BC02E /* MUIAlertController.m */,
				EC5D1C8C1F75C451008BC02E /* MUILongRunningTaskController.h */,
				EC5D1C8B1F75C451008BC02E /* MUILongRunningTaskController.m */,
				EC5D1C8E1F75C4B0008BC02E /* MUIProgressViewController.h */,
				EC5D1C8F1F75C4B0008BC02E /* MUIProgressViewController.m */,
				EC2F7E33200D8455001B9D3B /* UITextField+MUI.h */,
				EC2F7E34200D8455001B9D3B /* UITextField+MUI.m */,
				EC1E129A201299290036130D /* UITableViewCell+MUI.h */,
				EC1E129B201299290036130D /* UITableViewCell+MUI.m */,
				EC1E12A62012A60C0036130D /* UITableView+MUI.h */,
				EC1E12A72012A60C0036130D /* UITableView+MUI.m */,
				EC9A9C9F20344F0900E5A698 /* UIImage+MUI.h */,
				EC9A9CA020344F0900E5A698 /* UIImage+MUI.m */,
				ECD385EB21BC881E00BF2BCB /* UISplitViewController+MUI.h */,
				ECD385EC21BC881E00BF2BCB /* UISplitViewController+MUI.m */,
				EC53896822C6AFD800EACD40 /* UINavigationController+MUI.h */,
				EC08B97D22E660E1009BA3F3 /* UINavigationController+MUI.m */,
				EC72FF43232BFE21009D4048 /* UIBarButtonItem+MUI.h */,
				EC72FF42232BFE21009D4048 /* UIBarButtonItem+MUI.m */,
				EC34503D232BC63400B6136E /* UIResponder+MUI.h */,
				EC34503E232BC63400B6136E /* UIResponder+MUI.m */,
				EC395CE1233563E200B25139 /* MUICompletionStoryboardSegue.h */,
				EC395CE2233563E200B25139 /* MUICompletionStoryboardSegue.m */,
			);
			path = MUIKit;
			sourceTree = "<group>";
		};
		EC3145341D0740C80025F669 /* MUIKitTests */ = {
			isa = PBXGroup;
			children = (
				EC3145351D0740C80025F669 /* MUIKitTests.m */,
				EC3145371D0740C80025F669 /* Info.plist */,
			);
			path = MUIKitTests;
			sourceTree = "<group>";
		};
		EC90CA2F21AF70AB001A7883 /* Products */ = {
			isa = PBXGroup;
			children = (
				EC90CA3421AF70AB001A7883 /* MHFoundation.framework */,
				EC90CA3621AF70AB001A7883 /* MHFoundationTests.xctest */,
			);
			name = Products;
			sourceTree = "<group>";
		};
		EC90CA3821AF70AD001A7883 /* Products */ = {
			isa = PBXGroup;
			children = (
				EC90CA3D21AF70AD001A7883 /* MCoreData.framework */,
				EC90CA3F21AF70AD001A7883 /* MCoreDataTests.xctest */,
			);
			name = Products;
			sourceTree = "<group>";
		};
/* End PBXGroup section */

/* Begin PBXHeadersBuildPhase section */
		EC3145231D0740C70025F669 /* Headers */ = {
			isa = PBXHeadersBuildPhase;
			buildActionMask = 2147483647;
			files = (
				EC72FF45232BFE21009D4048 /* UIBarButtonItem+MUI.h in Headers */,
				ECC2CC3421B890970000C99C /* MUIFetchedTableViewController.h in Headers */,
				EC3145521D0740EA0025F669 /* UINavigationBar+MUI.h in Headers */,
				EC53896C22C6B01C00EACD40 /* UINavigationController+MUI.h in Headers */,
				EC76D6D81D9E431B002DC0A0 /* MUIDefines.h in Headers */,
				ECBD882A218C7EC800F5E602 /* MUISplitViewController.h in Headers */,
				EC1E129C201299290036130D /* UITableViewCell+MUI.h in Headers */,
				ECD3862421C0752400BF2BCB /* MUICollapseController.h in Headers */,
				ECD385ED21BC881E00BF2BCB /* UISplitViewController+MUI.h in Headers */,
				EC34503F232BC63400B6136E /* UIResponder+MUI.h in Headers */,
				EC3145501D0740EA0025F669 /* UIAlertController+MUI.h in Headers */,
				EC31454C1D0740EA0025F669 /* MUIDictionaryViewController.h in Headers */,
				EC2F7E35200D8455001B9D3B /* UITextField+MUI.h in Headers */,
				EC64A2DE21E003A800CF90AA /* MUIRootNavigationController.h in Headers */,
				EC31452A1D0740C70025F669 /* MUIKit.h in Headers */,
				EC1E12A82012A60C0036130D /* UITableView+MUI.h in Headers */,
				ECCB758B22B2B273008F2064 /* MUITableView.h in Headers */,
				EC76D6E81D9E4470002DC0A0 /* UIViewController+MUI.h in Headers */,
				EC0A2BCB1FA67FD400F3CA25 /* MUILongRunningTaskController.h in Headers */,
				EC6758961DB0251E00838798 /* MUIEditableTableCell.h in Headers */,
				EC6758921DB024AC00838798 /* MUIAccountViewController.h in Headers */,
				EC596B16218A4433000B5302 /* UIViewController+MUIShowing.h in Headers */,
				EC5D1C8A1F75C2F3008BC02E /* MUIAlertController.h in Headers */,
				EC31454E1D0740EA0025F669 /* MUIFlipController.h in Headers */,
				EC596B1A218A44C4000B5302 /* UIViewController+MUIDetail.h in Headers */,
				EC3145541D0740EA0025F669 /* UITabBar+MUI.h in Headers */,
				ECAE233F1D90878500806031 /* UINavigationItem+MUI.h in Headers */,
				EC76D6E21D9E4442002DC0A0 /* MUILogInViewController.h in Headers */,
				EC9A9CA120344F0900E5A698 /* UIImage+MUI.h in Headers */,
				EC3E0E091DBA46C800D49472 /* MUIMultilineTableCell.h in Headers */,
				EC6758A71DB02C1F00838798 /* UIAlertView+MUI.h in Headers */,
				EC90C9FF21AF53D9001A7883 /* MUITableViewCellObject.h in Headers */,
				EC5D1C901F75C4B0008BC02E /* MUIProgressViewController.h in Headers */,
				EC76D6E41D9E4442002DC0A0 /* MUISignUpViewController.h in Headers */,
				EC998C91233E6E98008B10C2 /* MUIMasterViewController.h in Headers */,
				EC3145561D0740EA0025F669 /* UIView+MUI.h in Headers */,
				EC395CE3233563E200B25139 /* MUICompletionStoryboardSegue.h in Headers */,
			);
			runOnlyForDeploymentPostprocessing = 0;
		};
/* End PBXHeadersBuildPhase section */

/* Begin PBXNativeTarget section */
		EC3145251D0740C70025F669 /* MUIKit */ = {
			isa = PBXNativeTarget;
			buildConfigurationList = EC31453A1D0740C80025F669 /* Build configuration list for PBXNativeTarget "MUIKit" */;
			buildPhases = (
				EC3145211D0740C70025F669 /* Sources */,
				EC3145221D0740C70025F669 /* Frameworks */,
				EC3145231D0740C70025F669 /* Headers */,
				EC3145241D0740C70025F669 /* Resources */,
			);
			buildRules = (
			);
			dependencies = (
				EC56BA0222AFE02600C6D57B /* PBXTargetDependency */,
			);
			name = MUIKit;
			productName = MHUI;
			productReference = EC3145261D0740C70025F669 /* MUIKit.framework */;
			productType = "com.apple.product-type.framework";
		};
		EC31452F1D0740C80025F669 /* MUIKitTests */ = {
			isa = PBXNativeTarget;
			buildConfigurationList = EC31453D1D0740C80025F669 /* Build configuration list for PBXNativeTarget "MUIKitTests" */;
			buildPhases = (
				EC31452C1D0740C80025F669 /* Sources */,
				EC31452D1D0740C80025F669 /* Frameworks */,
				EC31452E1D0740C80025F669 /* Resources */,
			);
			buildRules = (
			);
			dependencies = (
				EC3145331D0740C80025F669 /* PBXTargetDependency */,
			);
			name = MUIKitTests;
			productName = MHUITests;
			productReference = EC3145301D0740C80025F669 /* MUIKitTests.xctest */;
			productType = "com.apple.product-type.bundle.unit-test";
		};
/* End PBXNativeTarget section */

/* Begin PBXProject section */
		EC31451D1D0740C70025F669 /* Project object */ = {
			isa = PBXProject;
			attributes = {
				LastUpgradeCheck = 0940;
				ORGANIZATIONNAME = "Malcolm Hall";
				TargetAttributes = {
					EC3145251D0740C70025F669 = {
						CreatedOnToolsVersion = 7.3;
					};
					EC31452F1D0740C80025F669 = {
						CreatedOnToolsVersion = 7.3;
					};
					ECD385FD21BC9D8D00BF2BCB = {
						CreatedOnToolsVersion = 10.1;
						DevelopmentTeam = HUK6B7UUU2;
						ProvisioningStyle = Automatic;
					};
				};
			};
			buildConfigurationList = EC3145201D0740C70025F669 /* Build configuration list for PBXProject "MUIKit" */;
			compatibilityVersion = "Xcode 3.2";
			developmentRegion = English;
			hasScannedForEncodings = 0;
			knownRegions = (
				English,
				en,
			);
			mainGroup = EC31451C1D0740C70025F669;
			productRefGroup = EC3145271D0740C70025F669 /* Products */;
			projectDirPath = "";
			projectReferences = (
				{
					ProductGroup = EC90CA3821AF70AD001A7883 /* Products */;
					ProjectRef = EC90CA3721AF70AD001A7883 /* MCoreData.xcodeproj */;
				},
				{
					ProductGroup = EC90CA2F21AF70AB001A7883 /* Products */;
					ProjectRef = EC90CA2E21AF70AB001A7883 /* MHFoundation.xcodeproj */;
				},
			);
			projectRoot = "";
			targets = (
				EC3145251D0740C70025F669 /* MUIKit */,
				EC31452F1D0740C80025F669 /* MUIKitTests */,
				ECD385FD21BC9D8D00BF2BCB /* Setup */,
			);
		};
/* End PBXProject section */

/* Begin PBXReferenceProxy section */
		EC90CA3421AF70AB001A7883 /* MHFoundation.framework */ = {
			isa = PBXReferenceProxy;
			fileType = wrapper.framework;
			path = MHFoundation.framework;
			remoteRef = EC90CA3321AF70AB001A7883 /* PBXContainerItemProxy */;
			sourceTree = BUILT_PRODUCTS_DIR;
		};
		EC90CA3621AF70AB001A7883 /* MHFoundationTests.xctest */ = {
			isa = PBXReferenceProxy;
			fileType = wrapper.cfbundle;
			path = MHFoundationTests.xctest;
			remoteRef = EC90CA3521AF70AB001A7883 /* PBXContainerItemProxy */;
			sourceTree = BUILT_PRODUCTS_DIR;
		};
		EC90CA3D21AF70AD001A7883 /* MCoreData.framework */ = {
			isa = PBXReferenceProxy;
			fileType = wrapper.framework;
			path = MCoreData.framework;
			remoteRef = EC90CA3C21AF70AD001A7883 /* PBXContainerItemProxy */;
			sourceTree = BUILT_PRODUCTS_DIR;
		};
		EC90CA3F21AF70AD001A7883 /* MCoreDataTests.xctest */ = {
			isa = PBXReferenceProxy;
			fileType = wrapper.cfbundle;
			path = MCoreDataTests.xctest;
			remoteRef = EC90CA3E21AF70AD001A7883 /* PBXContainerItemProxy */;
			sourceTree = BUILT_PRODUCTS_DIR;
		};
/* End PBXReferenceProxy section */

/* Begin PBXResourcesBuildPhase section */
		EC3145241D0740C70025F669 /* Resources */ = {
			isa = PBXResourcesBuildPhase;
			buildActionMask = 2147483647;
			files = (
				EC67588F1DB024A200838798 /* MUIAccount.storyboard in Resources */,
			);
			runOnlyForDeploymentPostprocessing = 0;
		};
		EC31452E1D0740C80025F669 /* Resources */ = {
			isa = PBXResourcesBuildPhase;
			buildActionMask = 2147483647;
			files = (
			);
			runOnlyForDeploymentPostprocessing = 0;
		};
/* End PBXResourcesBuildPhase section */

/* Begin PBXShellScriptBuildPhase section */
		ECD3860421BC9D9600BF2BCB /* ShellScript */ = {
			isa = PBXShellScriptBuildPhase;
			buildActionMask = 2147483647;
			files = (
			);
			inputFileListPaths = (
			);
			inputPaths = (
			);
			outputFileListPaths = (
			);
			outputPaths = (
			);
			runOnlyForDeploymentPostprocessing = 0;
			shellPath = /bin/sh;
			shellScript = "# Type a script or drag a script file from your workspace to insert its path.\n#cd MCoreData\n#rm -r MHFoundation\nln -s ../MHFoundation MHFoundation\n";
		};
/* End PBXShellScriptBuildPhase section */

/* Begin PBXSourcesBuildPhase section */
		EC3145211D0740C70025F669 /* Sources */ = {
			isa = PBXSourcesBuildPhase;
			buildActionMask = 2147483647;
			files = (
				EC5D1C891F75C2F0008BC02E /* MUIAlertController.m in Sources */,
				EC6758931DB024AC00838798 /* MUIAccountViewController.m in Sources */,
				ECBD8829218C7EC800F5E602 /* MUISplitViewController.m in Sources */,
				EC6758971DB0251E00838798 /* MUIEditableTableCell.m in Sources */,
				EC3145531D0740EA0025F669 /* UINavigationBar+MUI.m in Sources */,
				EC3145551D0740EA0025F669 /* UITabBar+MUI.m in Sources */,
				EC3145511D0740EA0025F669 /* UIAlertController+MUI.m in Sources */,
				ECCB758A22B2B273008F2064 /* MUITableView.m in Sources */,
				EC9A9CA220344F0900E5A698 /* UIImage+MUI.m in Sources */,
				EC6758A81DB02C1F00838798 /* UIAlertView+MUI.m in Sources */,
				EC596B17218A4433000B5302 /* UIViewController+MUIShowing.m in Sources */,
				EC3145571D0740EA0025F669 /* UIView+MUI.m in Sources */,
				EC72FF44232BFE21009D4048 /* UIBarButtonItem+MUI.m in Sources */,
				EC5D1C911F75C4B0008BC02E /* MUIProgressViewController.m in Sources */,
				EC76D6E91D9E4470002DC0A0 /* UIViewController+MUI.m in Sources */,
				ECAE23401D90878500806031 /* UINavigationItem+MUI.m in Sources */,
				EC1E12A92012A60C0036130D /* UITableView+MUI.m in Sources */,
				EC345040232BC63400B6136E /* UIResponder+MUI.m in Sources */,
				EC64A2DF21E003A800CF90AA /* MUIRootNavigationController.m in Sources */,
				EC76D6E51D9E4442002DC0A0 /* MUISignUpViewController.m in Sources */,
				ECC2CC3521B890970000C99C /* MUIFetchedTableViewController.m in Sources */,
				EC395CE4233563E200B25139 /* MUICompletionStoryboardSegue.m in Sources */,
				EC998C92233E6E98008B10C2 /* MUIMasterViewController.m in Sources */,
				EC1E129D201299290036130D /* UITableViewCell+MUI.m in Sources */,
				EC3E0E0A1DBA46C800D49472 /* MUIMultilineTableCell.m in Sources */,
				EC5D1C8D1F75C451008BC02E /* MUILongRunningTaskController.m in Sources */,
				EC596B1B218A44C4000B5302 /* UIViewController+MUIDetail.m in Sources */,
				EC31454D1D0740EA0025F669 /* MUIDictionaryViewController.m in Sources */,
				ECD3862321C0752400BF2BCB /* MUICollapseController.m in Sources */,
				EC76D6E31D9E4442002DC0A0 /* MUILogInViewController.m in Sources */,
				EC31454F1D0740EA0025F669 /* MUIFlipController.m in Sources */,
				EC2F7E36200D8455001B9D3B /* UITextField+MUI.m in Sources */,
				ECD385EE21BC881E00BF2BCB /* UISplitViewController+MUI.m in Sources */,
				EC08B97E22E660E1009BA3F3 /* UINavigationController+MUI.m in Sources */,
			);
			runOnlyForDeploymentPostprocessing = 0;
		};
		EC31452C1D0740C80025F669 /* Sources */ = {
			isa = PBXSourcesBuildPhase;
			buildActionMask = 2147483647;
			files = (
				EC3145361D0740C80025F669 /* MUIKitTests.m in Sources */,
			);
			runOnlyForDeploymentPostprocessing = 0;
		};
/* End PBXSourcesBuildPhase section */

/* Begin PBXTargetDependency section */
		EC3145331D0740C80025F669 /* PBXTargetDependency */ = {
			isa = PBXTargetDependency;
			target = EC3145251D0740C70025F669 /* MUIKit */;
			targetProxy = EC3145321D0740C80025F669 /* PBXContainerItemProxy */;
		};
		EC56BA0222AFE02600C6D57B /* PBXTargetDependency */ = {
			isa = PBXTargetDependency;
			name = MCoreData;
			targetProxy = EC56BA0122AFE02600C6D57B /* PBXContainerItemProxy */;
		};
/* End PBXTargetDependency section */

/* Begin XCBuildConfiguration section */
		EC3145381D0740C80025F669 /* Debug */ = {
			isa = XCBuildConfiguration;
			buildSettings = {
				ALWAYS_SEARCH_USER_PATHS = NO;
				CLANG_ANALYZER_NONNULL = YES;
				CLANG_CXX_LANGUAGE_STANDARD = "gnu++0x";
				CLANG_CXX_LIBRARY = "libc++";
				CLANG_ENABLE_MODULES = YES;
				CLANG_ENABLE_OBJC_ARC = YES;
				CLANG_WARN_BLOCK_CAPTURE_AUTORELEASING = YES;
				CLANG_WARN_BOOL_CONVERSION = YES;
				CLANG_WARN_COMMA = YES;
				CLANG_WARN_CONSTANT_CONVERSION = YES;
				CLANG_WARN_DEPRECATED_OBJC_IMPLEMENTATIONS = YES;
				CLANG_WARN_DIRECT_OBJC_ISA_USAGE = YES_ERROR;
				CLANG_WARN_EMPTY_BODY = YES;
				CLANG_WARN_ENUM_CONVERSION = YES;
				CLANG_WARN_INFINITE_RECURSION = YES;
				CLANG_WARN_INT_CONVERSION = YES;
				CLANG_WARN_NON_LITERAL_NULL_CONVERSION = YES;
				CLANG_WARN_OBJC_IMPLICIT_RETAIN_SELF = YES;
				CLANG_WARN_OBJC_LITERAL_CONVERSION = YES;
				CLANG_WARN_OBJC_ROOT_CLASS = YES_ERROR;
				CLANG_WARN_RANGE_LOOP_ANALYSIS = YES;
				CLANG_WARN_STRICT_PROTOTYPES = YES;
				CLANG_WARN_SUSPICIOUS_MOVE = YES;
				CLANG_WARN_UNREACHABLE_CODE = YES;
				CLANG_WARN__DUPLICATE_METHOD_MATCH = YES;
				"CODE_SIGN_IDENTITY[sdk=iphoneos*]" = "iPhone Developer";
				COPY_PHASE_STRIP = NO;
				DEBUG_INFORMATION_FORMAT = dwarf;
				ENABLE_STRICT_OBJC_MSGSEND = YES;
				ENABLE_TESTABILITY = YES;
				GCC_C_LANGUAGE_STANDARD = gnu99;
				GCC_DYNAMIC_NO_PIC = NO;
				GCC_NO_COMMON_BLOCKS = YES;
				GCC_OPTIMIZATION_LEVEL = 0;
				GCC_PREPROCESSOR_DEFINITIONS = (
					"DEBUG=1",
					"$(inherited)",
				);
				GCC_WARN_64_TO_32_BIT_CONVERSION = YES;
				GCC_WARN_ABOUT_RETURN_TYPE = YES_ERROR;
				GCC_WARN_UNDECLARED_SELECTOR = YES;
				GCC_WARN_UNINITIALIZED_AUTOS = YES_AGGRESSIVE;
				GCC_WARN_UNUSED_FUNCTION = YES;
				GCC_WARN_UNUSED_VARIABLE = YES;
				IPHONEOS_DEPLOYMENT_TARGET = 11.0;
				MTL_ENABLE_DEBUG_INFO = YES;
				ONLY_ACTIVE_ARCH = YES;
				SDKROOT = iphoneos;
				TARGETED_DEVICE_FAMILY = "1,2";
			};
			name = Debug;
		};
		EC3145391D0740C80025F669 /* Release */ = {
			isa = XCBuildConfiguration;
			buildSettings = {
				ALWAYS_SEARCH_USER_PATHS = NO;
				CLANG_ANALYZER_NONNULL = YES;
				CLANG_CXX_LANGUAGE_STANDARD = "gnu++0x";
				CLANG_CXX_LIBRARY = "libc++";
				CLANG_ENABLE_MODULES = YES;
				CLANG_ENABLE_OBJC_ARC = YES;
				CLANG_WARN_BLOCK_CAPTURE_AUTORELEASING = YES;
				CLANG_WARN_BOOL_CONVERSION = YES;
				CLANG_WARN_COMMA = YES;
				CLANG_WARN_CONSTANT_CONVERSION = YES;
				CLANG_WARN_DEPRECATED_OBJC_IMPLEMENTATIONS = YES;
				CLANG_WARN_DIRECT_OBJC_ISA_USAGE = YES_ERROR;
				CLANG_WARN_EMPTY_BODY = YES;
				CLANG_WARN_ENUM_CONVERSION = YES;
				CLANG_WARN_INFINITE_RECURSION = YES;
				CLANG_WARN_INT_CONVERSION = YES;
				CLANG_WARN_NON_LITERAL_NULL_CONVERSION = YES;
				CLANG_WARN_OBJC_IMPLICIT_RETAIN_SELF = YES;
				CLANG_WARN_OBJC_LITERAL_CONVERSION = YES;
				CLANG_WARN_OBJC_ROOT_CLASS = YES_ERROR;
				CLANG_WARN_RANGE_LOOP_ANALYSIS = YES;
				CLANG_WARN_STRICT_PROTOTYPES = YES;
				CLANG_WARN_SUSPICIOUS_MOVE = YES;
				CLANG_WARN_UNREACHABLE_CODE = YES;
				CLANG_WARN__DUPLICATE_METHOD_MATCH = YES;
				"CODE_SIGN_IDENTITY[sdk=iphoneos*]" = "iPhone Developer";
				COPY_PHASE_STRIP = NO;
				DEBUG_INFORMATION_FORMAT = "dwarf-with-dsym";
				ENABLE_NS_ASSERTIONS = NO;
				ENABLE_STRICT_OBJC_MSGSEND = YES;
				GCC_C_LANGUAGE_STANDARD = gnu99;
				GCC_NO_COMMON_BLOCKS = YES;
				GCC_WARN_64_TO_32_BIT_CONVERSION = YES;
				GCC_WARN_ABOUT_RETURN_TYPE = YES_ERROR;
				GCC_WARN_UNDECLARED_SELECTOR = YES;
				GCC_WARN_UNINITIALIZED_AUTOS = YES_AGGRESSIVE;
				GCC_WARN_UNUSED_FUNCTION = YES;
				GCC_WARN_UNUSED_VARIABLE = YES;
				IPHONEOS_DEPLOYMENT_TARGET = 11.0;
				MTL_ENABLE_DEBUG_INFO = NO;
				SDKROOT = iphoneos;
				TARGETED_DEVICE_FAMILY = "1,2";
				VALIDATE_PRODUCT = YES;
			};
			name = Release;
		};
		EC31453B1D0740C80025F669 /* Debug */ = {
			isa = XCBuildConfiguration;
			buildSettings = {
				"CODE_SIGN_IDENTITY[sdk=iphoneos*]" = "";
				DEFINES_MODULE = YES;
				DYLIB_COMPATIBILITY_VERSION = 1;
				DYLIB_CURRENT_VERSION = 1;
				DYLIB_INSTALL_NAME_BASE = "@rpath";
				FRAMEWORK_SEARCH_PATHS = (
					MCoreData,
					MHFoundation,
				);
				INFOPLIST_FILE = MUIKit/Info.plist;
				INSTALL_PATH = "$(LOCAL_LIBRARY_DIR)/Frameworks";
				LD_RUNPATH_SEARCH_PATHS = "$(inherited) @executable_path/Frameworks @loader_path/Frameworks";
				PRODUCT_BUNDLE_IDENTIFIER = com.malhal.MUIKit;
				PRODUCT_NAME = "$(TARGET_NAME)";
				SKIP_INSTALL = YES;
			};
			name = Debug;
		};
		EC31453C1D0740C80025F669 /* Release */ = {
			isa = XCBuildConfiguration;
			buildSettings = {
				"CODE_SIGN_IDENTITY[sdk=iphoneos*]" = "";
				DEFINES_MODULE = YES;
				DYLIB_COMPATIBILITY_VERSION = 1;
				DYLIB_CURRENT_VERSION = 1;
				DYLIB_INSTALL_NAME_BASE = "@rpath";
				FRAMEWORK_SEARCH_PATHS = (
					MCoreData,
					MHFoundation,
				);
				INFOPLIST_FILE = MUIKit/Info.plist;
				INSTALL_PATH = "$(LOCAL_LIBRARY_DIR)/Frameworks";
				LD_RUNPATH_SEARCH_PATHS = "$(inherited) @executable_path/Frameworks @loader_path/Frameworks";
				PRODUCT_BUNDLE_IDENTIFIER = com.malhal.MUIKit;
				PRODUCT_NAME = "$(TARGET_NAME)";
				SKIP_INSTALL = YES;
			};
			name = Release;
		};
		EC31453E1D0740C80025F669 /* Debug */ = {
			isa = XCBuildConfiguration;
			buildSettings = {
				INFOPLIST_FILE = MHUITests/Info.plist;
				LD_RUNPATH_SEARCH_PATHS = "$(inherited) @executable_path/Frameworks @loader_path/Frameworks";
				PRODUCT_BUNDLE_IDENTIFIER = com.malhal.MHUITests;
				PRODUCT_NAME = "$(TARGET_NAME)";
			};
			name = Debug;
		};
		EC31453F1D0740C80025F669 /* Release */ = {
			isa = XCBuildConfiguration;
			buildSettings = {
				INFOPLIST_FILE = MHUITests/Info.plist;
				LD_RUNPATH_SEARCH_PATHS = "$(inherited) @executable_path/Frameworks @loader_path/Frameworks";
				PRODUCT_BUNDLE_IDENTIFIER = com.malhal.MHUITests;
				PRODUCT_NAME = "$(TARGET_NAME)";
			};
			name = Release;
		};
		ECD385FE21BC9D8E00BF2BCB /* Debug */ = {
			isa = XCBuildConfiguration;
			buildSettings = {
				CODE_SIGN_STYLE = Automatic;
				DEVELOPMENT_TEAM = HUK6B7UUU2;
				PRODUCT_NAME = "$(TARGET_NAME)";
			};
			name = Debug;
		};
		ECD385FF21BC9D8E00BF2BCB /* Release */ = {
			isa = XCBuildConfiguration;
			buildSettings = {
				CODE_SIGN_STYLE = Automatic;
				DEVELOPMENT_TEAM = HUK6B7UUU2;
				PRODUCT_NAME = "$(TARGET_NAME)";
			};
			name = Release;
		};
/* End XCBuildConfiguration section */

/* Begin XCConfigurationList section */
		EC3145201D0740C70025F669 /* Build configuration list for PBXProject "MUIKit" */ = {
			isa = XCConfigurationList;
			buildConfigurations = (
				EC3145381D0740C80025F669 /* Debug */,
				EC3145391D0740C80025F669 /* Release */,
			);
			defaultConfigurationIsVisible = 0;
			defaultConfigurationName = Release;
		};
		EC31453A1D0740C80025F669 /* Build configuration list for PBXNativeTarget "MUIKit" */ = {
			isa = XCConfigurationList;
			buildConfigurations = (
				EC31453B1D0740C80025F669 /* Debug */,
				EC31453C1D0740C80025F669 /* Release */,
			);
			defaultConfigurationIsVisible = 0;
			defaultConfigurationName = Release;
		};
		EC31453D1D0740C80025F669 /* Build configuration list for PBXNativeTarget "MUIKitTests" */ = {
			isa = XCConfigurationList;
			buildConfigurations = (
				EC31453E1D0740C80025F669 /* Debug */,
				EC31453F1D0740C80025F669 /* Release */,
			);
			defaultConfigurationIsVisible = 0;
			defaultConfigurationName = Release;
		};
		ECD3860321BC9D8E00BF2BCB /* Build configuration list for PBXAggregateTarget "Setup" */ = {
			isa = XCConfigurationList;
			buildConfigurations = (
				ECD385FE21BC9D8E00BF2BCB /* Debug */,
				ECD385FF21BC9D8E00BF2BCB /* Release */,
			);
			defaultConfigurationIsVisible = 0;
			defaultConfigurationName = Release;
		};
/* End XCConfigurationList section */
	};
	rootObject = EC31451D1D0740C70025F669 /* Project object */;
}
